
Microsoft Visual Studio Solution File, Format Version 12.00
# Visual Studio 15
VisualStudioVersion = 15.0.27428.2027
MinimumVisualStudioVersion = 10.0.40219.1
Project("{FAE04EC0-301F-11D3-BF4B-00C04F79EFBC}") = "SimpSim.NET.Tests", "SimpSim.NET.Tests\SimpSim.NET.Tests.csproj", "{B9AB26D9-0933-4D41-9423-6FB887E588C4}"
EndProject
Project("{9A19103F-16F7-4668-BE54-9A1E7A4F7556}") = "SimpSim.NET", "SimpSim.NET\SimpSim.NET.csproj", "{15EBE385-9BA9-49A5-8D81-52F6F307EC8A}"
EndProject
Project("{9A19103F-16F7-4668-BE54-9A1E7A4F7556}") = "SimpSim.NET.Console", "SimpSim.NET.Console\SimpSim.NET.Console.csproj", "{172C0174-CE02-4069-AF19-68B01A35DE3C}"
EndProject
Project("{FAE04EC0-301F-11D3-BF4B-00C04F79EFBC}") = "SimpSim.NET.WPF", "SimpSim.NET.WPF\SimpSim.NET.WPF.csproj", "{D5CDBA5B-16BC-49CE-8E95-6350851773A4}"
EndProject
Project("{FAE04EC0-301F-11D3-BF4B-00C04F79EFBC}") = "SimpSim.NET.Presentation", "SimpSim.NET.Presentation\SimpSim.NET.Presentation.csproj", "{6E5E9D0A-412B-4960-BE9A-E75B5349E08F}"
EndProject
Project("{FAE04EC0-301F-11D3-BF4B-00C04F79EFBC}") = "SimpSim.NET.Presentation.Tests", "SimpSim.NET.Presentation.Tests\SimpSim.NET.Presentation.Tests.csproj", "{7531DFD2-52DC-4181-9ACC-0F87ACA330BE}"
EndProject
Project("{FAE04EC0-301F-11D3-BF4B-00C04F79EFBC}") = "SimpSim.NET.Blazor", "SimpSim.NET.Blazor\SimpSim.NET.Blazor.csproj", "{AC4BE82C-CBE8-48A3-A496-256604D0D358}"
EndProject
Global
	GlobalSection(SolutionConfigurationPlatforms) = preSolution
		Debug|Any CPU = Debug|Any CPU
		Release|Any CPU = Release|Any CPU
	EndGlobalSection
	GlobalSection(ProjectConfigurationPlatforms) = postSolution
		{B9AB26D9-0933-4D41-9423-6FB887E588C4}.Debug|Any CPU.ActiveCfg = Debug|Any CPU
		{B9AB26D9-0933-4D41-9423-6FB887E588C4}.Debug|Any CPU.Build.0 = Debug|Any CPU
		{B9AB26D9-0933-4D41-9423-6FB887E588C4}.Release|Any CPU.ActiveCfg = Release|Any CPU
		{B9AB26D9-0933-4D41-9423-6FB887E588C4}.Release|Any CPU.Build.0 = Release|Any CPU
		{15EBE385-9BA9-49A5-8D81-52F6F307EC8A}.Debug|Any CPU.ActiveCfg = Debug|Any CPU
		{15EBE385-9BA9-49A5-8D81-52F6F307EC8A}.Debug|Any CPU.Build.0 = Debug|Any CPU
		{15EBE385-9BA9-49A5-8D81-52F6F307EC8A}.Release|Any CPU.ActiveCfg = Release|Any CPU
		{15EBE385-9BA9-49A5-8D81-52F6F307EC8A}.Release|Any CPU.Build.0 = Release|Any CPU
		{172C0174-CE02-4069-AF19-68B01A35DE3C}.Debug|Any CPU.ActiveCfg = Debug|Any CPU
		{172C0174-CE02-4069-AF19-68B01A35DE3C}.Debug|Any CPU.Build.0 = Debug|Any CPU
		{172C0174-CE02-4069-AF19-68B01A35DE3C}.Release|Any CPU.ActiveCfg = Release|Any CPU
		{172C0174-CE02-4069-AF19-68B01A35DE3C}.Release|Any CPU.Build.0 = Release|Any CPU
		{D5CDBA5B-16BC-49CE-8E95-6350851773A4}.Debug|Any CPU.ActiveCfg = Debug|Any CPU
		{D5CDBA5B-16BC-49CE-8E95-6350851773A4}.Debug|Any CPU.Build.0 = Debug|Any CPU
		{D5CDBA5B-16BC-49CE-8E95-6350851773A4}.Release|Any CPU.ActiveCfg = Release|Any CPU
		{D5CDBA5B-16BC-49CE-8E95-6350851773A4}.Release|Any CPU.Build.0 = Release|Any CPU
		{6E5E9D0A-412B-4960-BE9A-E75B5349E08F}.Debug|Any CPU.ActiveCfg = Debug|Any CPU
		{6E5E9D0A-412B-4960-BE9A-E75B5349E08F}.Debug|Any CPU.Build.0 = Debug|Any CPU
		{6E5E9D0A-412B-4960-BE9A-E75B5349E08F}.Release|Any CPU.ActiveCfg = Release|Any CPU
		{6E5E9D0A-412B-4960-BE9A-E75B5349E08F}.Release|Any CPU.Build.0 = Release|Any CPU
		{7531DFD2-52DC-4181-9ACC-0F87ACA330BE}.Debug|Any CPU.ActiveCfg = Debug|Any CPU
		{7531DFD2-52DC-4181-9ACC-0F87ACA330BE}.Debug|Any CPU.Build.0 = Debug|Any CPU
		{7531DFD2-52DC-4181-9ACC-0F87ACA330BE}.Release|Any CPU.ActiveCfg = Release|Any CPU
		{7531DFD2-52DC-4181-9ACC-0F87ACA330BE}.Release|Any CPU.Build.0 = Release|Any CPU
		{AC4BE82C-CBE8-48A3-A496-256604D0D358}.Debug|Any CPU.ActiveCfg = Debug|Any CPU
		{AC4BE82C-CBE8-48A3-A496-256604D0D358}.Debug|Any CPU.Build.0 = Debug|Any CPU
		{AC4BE82C-CBE8-48A3-A496-256604D0D358}.Release|Any CPU.ActiveCfg = Release|Any CPU
		{AC4BE82C-CBE8-48A3-A496-256604D0D358}.Release|Any CPU.Build.0 = Release|Any CPU
	EndGlobalSection
	GlobalSection(SolutionProperties) = preSolution
		HideSolutionNode = FALSE
	EndGlobalSection
	GlobalSection(ExtensibilityGlobals) = postSolution
		SolutionGuid = {6A53B3BE-0F10-4AAD-8AAD-867928DDB93B}
	EndGlobalSection
EndGlobal
